
Microsoft Visual Studio Solution File, Format Version 12.00
# Visual Studio Version 17
VisualStudioVersion = 17.10.35013.160
MinimumVisualStudioVersion = 10.0.40219.1
Project("{9A19103F-16F7-4668-BE54-9A1E7A4F7556}") = "ProductManagement", "ProductManagement\ProductManagement.csproj", "{6D637AF6-CB28-478D-BB18-9C5D3A2DD44E}"
EndProject
Project("{2150E333-8FDC-42A3-9474-1A3956D46DE8}") = "Domain", "Domain", "{54F8FBEB-48C5-460E-9ABB-776B0A8F2F24}"
EndProject
Project("{2150E333-8FDC-42A3-9474-1A3956D46DE8}") = "Application", "Application", "{E27445EE-A734-4C00-9A4F-B41FDDB281E0}"
EndProject
Project("{2150E333-8FDC-42A3-9474-1A3956D46DE8}") = "Infrastructure", "Infrastructure", "{5CA6F049-6B83-4C43-859E-FB28D88EAB07}"
EndProject
Project("{2150E333-8FDC-42A3-9474-1A3956D46DE8}") = "WebAPI", "WebAPI", "{23ED2D37-77AD-42D4-A8FF-1A55D339601E}"
EndProject
Project("{FAE04EC0-301F-11D3-BF4B-00C04F79EFBC}") = "Domain", "Domain\Domain.csproj", "{9786989C-E3E0-4C09-821E-243E5692248E}"
EndProject
Project("{FAE04EC0-301F-11D3-BF4B-00C04F79EFBC}") = "Application", "Application\Application.csproj", "{01EACFD5-8D9B-4F92-AC80-F9C5C7F984D1}"
EndProject
Project("{FAE04EC0-301F-11D3-BF4B-00C04F79EFBC}") = "Infrastructure", "Infrastructure\Infrastructure.csproj", "{05B58B7B-BFD5-4DFB-85C9-C013037D6DBE}"
EndProject
Project("{2150E333-8FDC-42A3-9474-1A3956D46DE8}") = "src", "src", "{17F6B5D7-0D8C-489E-811B-8C5F22DF5A4A}"
EndProject
Project("{2150E333-8FDC-42A3-9474-1A3956D46DE8}") = "tests", "tests", "{F66B7E9D-0402-4312-83C2-8958273C2840}"
EndProject
Global
	GlobalSection(SolutionConfigurationPlatforms) = preSolution
		Debug|Any CPU = Debug|Any CPU
		Release|Any CPU = Release|Any CPU
	EndGlobalSection
	GlobalSection(ProjectConfigurationPlatforms) = postSolution
		{6D637AF6-CB28-478D-BB18-9C5D3A2DD44E}.Debug|Any CPU.ActiveCfg = Debug|Any CPU
		{6D637AF6-CB28-478D-BB18-9C5D3A2DD44E}.Debug|Any CPU.Build.0 = Debug|Any CPU
		{6D637AF6-CB28-478D-BB18-9C5D3A2DD44E}.Release|Any CPU.ActiveCfg = Release|Any CPU
		{6D637AF6-CB28-478D-BB18-9C5D3A2DD44E}.Release|Any CPU.Build.0 = Release|Any CPU
		{9786989C-E3E0-4C09-821E-243E5692248E}.Debug|Any CPU.ActiveCfg = Debug|Any CPU
		{9786989C-E3E0-4C09-821E-243E5692248E}.Debug|Any CPU.Build.0 = Debug|Any CPU
		{9786989C-E3E0-4C09-821E-243E5692248E}.Release|Any CPU.ActiveCfg = Release|Any CPU
		{9786989C-E3E0-4C09-821E-243E5692248E}.Release|Any CPU.Build.0 = Release|Any CPU
		{01EACFD5-8D9B-4F92-AC80-F9C5C7F984D1}.Debug|Any CPU.ActiveCfg = Debug|Any CPU
		{01EACFD5-8D9B-4F92-AC80-F9C5C7F984D1}.Debug|Any CPU.Build.0 = Debug|Any CPU
		{01EACFD5-8D9B-4F92-AC80-F9C5C7F984D1}.Release|Any CPU.ActiveCfg = Release|Any CPU
		{01EACFD5-8D9B-4F92-AC80-F9C5C7F984D1}.Release|Any CPU.Build.0 = Release|Any CPU
		{05B58B7B-BFD5-4DFB-85C9-C013037D6DBE}.Debug|Any CPU.ActiveCfg = Debug|Any CPU
		{05B58B7B-BFD5-4DFB-85C9-C013037D6DBE}.Debug|Any CPU.Build.0 = Debug|Any CPU
		{05B58B7B-BFD5-4DFB-85C9-C013037D6DBE}.Release|Any CPU.ActiveCfg = Release|Any CPU
		{05B58B7B-BFD5-4DFB-85C9-C013037D6DBE}.Release|Any CPU.Build.0 = Release|Any CPU
	EndGlobalSection
	GlobalSection(SolutionProperties) = preSolution
		HideSolutionNode = FALSE
	EndGlobalSection
	GlobalSection(NestedProjects) = preSolution
		{6D637AF6-CB28-478D-BB18-9C5D3A2DD44E} = {23ED2D37-77AD-42D4-A8FF-1A55D339601E}
		{9786989C-E3E0-4C09-821E-243E5692248E} = {54F8FBEB-48C5-460E-9ABB-776B0A8F2F24}
		{01EACFD5-8D9B-4F92-AC80-F9C5C7F984D1} = {E27445EE-A734-4C00-9A4F-B41FDDB281E0}
		{05B58B7B-BFD5-4DFB-85C9-C013037D6DBE} = {5CA6F049-6B83-4C43-859E-FB28D88EAB07}
		{23ED2D37-77AD-42D4-A8FF-1A55D339601E} = {17F6B5D7-0D8C-489E-811B-8C5F22DF5A4A}
		{5CA6F049-6B83-4C43-859E-FB28D88EAB07} = {17F6B5D7-0D8C-489E-811B-8C5F22DF5A4A}
		{54F8FBEB-48C5-460E-9ABB-776B0A8F2F24} = {17F6B5D7-0D8C-489E-811B-8C5F22DF5A4A}
		{E27445EE-A734-4C00-9A4F-B41FDDB281E0} = {17F6B5D7-0D8C-489E-811B-8C5F22DF5A4A}
	EndGlobalSection
	GlobalSection(ExtensibilityGlobals) = postSolution
		SolutionGuid = {3606FD36-48CE-41A4-ABC3-CAF414416D0A}
	EndGlobalSection
EndGlobal
